
Microsoft Visual Studio Solution File, Format Version 12.00
# Visual Studio Version 17
VisualStudioVersion = 17.3.32825.248
MinimumVisualStudioVersion = 10.0.40219.1
Project("{FAE04EC0-301F-11D3-BF4B-00C04F79EFBC}") = "MCraftingTree", "MCraftingTree\MCraftingTree.csproj", "{042CFADB-207B-44B5-BBF3-A0B56ECBCE2B}"
EndProject
Project("{FAE04EC0-301F-11D3-BF4B-00C04F79EFBC}") = "UnitTestProject1", "UnitTestProject1\UnitTestProject1.csproj", "{5CF147B3-F4FF-4C0C-8B42-A091F72A191C}"
EndProject
Global
	GlobalSection(SolutionConfigurationPlatforms) = preSolution
		Debug|Any CPU = Debug|Any CPU
		Release|Any CPU = Release|Any CPU
	EndGlobalSection
	GlobalSection(ProjectConfigurationPlatforms) = postSolution
		{042CFADB-207B-44B5-BBF3-A0B56ECBCE2B}.Debug|Any CPU.ActiveCfg = Debug|Any CPU
		{042CFADB-207B-44B5-BBF3-A0B56ECBCE2B}.Debug|Any CPU.Build.0 = Debug|Any CPU
		{042CFADB-207B-44B5-BBF3-A0B56ECBCE2B}.Release|Any CPU.ActiveCfg = Release|Any CPU
		{042CFADB-207B-44B5-BBF3-A0B56ECBCE2B}.Release|Any CPU.Build.0 = Release|Any CPU
		{5CF147B3-F4FF-4C0C-8B42-A091F72A191C}.Debug|Any CPU.ActiveCfg = Debug|Any CPU
		{5CF147B3-F4FF-4C0C-8B42-A091F72A191C}.Debug|Any CPU.Build.0 = Debug|Any CPU
		{5CF147B3-F4FF-4C0C-8B42-A091F72A191C}.Release|Any CPU.ActiveCfg = Release|Any CPU
		{5CF147B3-F4FF-4C0C-8B42-A091F72A191C}.Release|Any CPU.Build.0 = Release|Any CPU
	EndGlobalSection
	GlobalSection(SolutionProperties) = preSolution
		HideSolutionNode = FALSE
	EndGlobalSection
	GlobalSection(ExtensibilityGlobals) = postSolution
		SolutionGuid = {0F321976-1953-46A4-81C9-7E5C017728F2}
	EndGlobalSection
EndGlobal
